
Microsoft Visual Studio Solution File, Format Version 12.00
# Visual Studio Version 17
VisualStudioVersion = 17.9.34728.123
MinimumVisualStudioVersion = 10.0.40219.1
Project("{FAE04EC0-301F-11D3-BF4B-00C04F79EFBC}") = "IQtidorly.Api", "IQtidorly.Api\IQtidorly.Api.csproj", "{0AFAB448-B8AC-4B91-A890-C7A5ACBDE24A}"
EndProject
Global
	GlobalSection(SolutionConfigurationPlatforms) = preSolution
		Debug|Any CPU = Debug|Any CPU
		Release|Any CPU = Release|Any CPU
	EndGlobalSection
	GlobalSection(ProjectConfigurationPlatforms) = postSolution
		{0AFAB448-B8AC-4B91-A890-C7A5ACBDE24A}.Debug|Any CPU.ActiveCfg = Debug|Any CPU
		{0AFAB448-B8AC-4B91-A890-C7A5ACBDE24A}.Debug|Any CPU.Build.0 = Debug|Any CPU
		{0AFAB448-B8AC-4B91-A890-C7A5ACBDE24A}.Release|Any CPU.ActiveCfg = Release|Any CPU
		{0AFAB448-B8AC-4B91-A890-C7A5ACBDE24A}.Release|Any CPU.Build.0 = Release|Any CPU
	EndGlobalSection
	GlobalSection(SolutionProperties) = preSolution
		HideSolutionNode = FALSE
	EndGlobalSection
	GlobalSection(ExtensibilityGlobals) = postSolution
		SolutionGuid = {082FDC55-F44E-4009-ABCA-F1099D1538EE}
	EndGlobalSection
EndGlobal
